
Microsoft Visual Studio Solution File, Format Version 12.00
# Visual Studio Version 16
VisualStudioVersion = 25.0.1704.0
MinimumVisualStudioVersion = 10.0.40219.1
Project("{FAE04EC0-301F-11D3-BF4B-00C04F79EFBC}") = "RazorPagesMovie", "RazorPagesMovie\RazorPagesMovie.csproj", "{D6EDB92D-A52A-465C-83BC-EBB9D1A62D08}"
EndProject
Global
	GlobalSection(SolutionConfigurationPlatforms) = preSolution
		Debug|Any CPU = Debug|Any CPU
		Release|Any CPU = Release|Any CPU
	EndGlobalSection
	GlobalSection(ProjectConfigurationPlatforms) = postSolution
		{D6EDB92D-A52A-465C-83BC-EBB9D1A62D08}.Debug|Any CPU.ActiveCfg = Debug|Any CPU
		{D6EDB92D-A52A-465C-83BC-EBB9D1A62D08}.Debug|Any CPU.Build.0 = Debug|Any CPU
		{D6EDB92D-A52A-465C-83BC-EBB9D1A62D08}.Release|Any CPU.ActiveCfg = Release|Any CPU
		{D6EDB92D-A52A-465C-83BC-EBB9D1A62D08}.Release|Any CPU.Build.0 = Release|Any CPU
	EndGlobalSection
	GlobalSection(SolutionProperties) = preSolution
		HideSolutionNode = FALSE
	EndGlobalSection
	GlobalSection(ExtensibilityGlobals) = postSolution
		SolutionGuid = {72452D81-58D4-4624-8B54-754CC87CD33A}
	EndGlobalSection
EndGlobal
